
Microsoft Visual Studio Solution File, Format Version 12.00
# Visual Studio Version 16
VisualStudioVersion = 16.0.29319.158
MinimumVisualStudioVersion = 10.0.40219.1
Project("{FAE04EC0-301F-11D3-BF4B-00C04F79EFBC}") = "PracticeWork27_9_19", "PracticeWork27_9_19\PracticeWork27_9_19.csproj", "{7F5C0878-822A-424B-87B2-E9D8D12902FA}"
EndProject
Project("{FAE04EC0-301F-11D3-BF4B-00C04F79EFBC}") = "ClassLib", "ClassLib\ClassLib.csproj", "{D04ACE21-B0E0-4A47-A5DD-696469C1772A}"
EndProject
Global
	GlobalSection(SolutionConfigurationPlatforms) = preSolution
		Debug|Any CPU = Debug|Any CPU
		Release|Any CPU = Release|Any CPU
	EndGlobalSection
	GlobalSection(ProjectConfigurationPlatforms) = postSolution
		{7F5C0878-822A-424B-87B2-E9D8D12902FA}.Debug|Any CPU.ActiveCfg = Debug|Any CPU
		{7F5C0878-822A-424B-87B2-E9D8D12902FA}.Debug|Any CPU.Build.0 = Debug|Any CPU
		{7F5C0878-822A-424B-87B2-E9D8D12902FA}.Release|Any CPU.ActiveCfg = Release|Any CPU
		{7F5C0878-822A-424B-87B2-E9D8D12902FA}.Release|Any CPU.Build.0 = Release|Any CPU
		{D04ACE21-B0E0-4A47-A5DD-696469C1772A}.Debug|Any CPU.ActiveCfg = Debug|Any CPU
		{D04ACE21-B0E0-4A47-A5DD-696469C1772A}.Debug|Any CPU.Build.0 = Debug|Any CPU
		{D04ACE21-B0E0-4A47-A5DD-696469C1772A}.Release|Any CPU.ActiveCfg = Release|Any CPU
		{D04ACE21-B0E0-4A47-A5DD-696469C1772A}.Release|Any CPU.Build.0 = Release|Any CPU
	EndGlobalSection
	GlobalSection(SolutionProperties) = preSolution
		HideSolutionNode = FALSE
	EndGlobalSection
	GlobalSection(ExtensibilityGlobals) = postSolution
		SolutionGuid = {172BCDD8-5715-4DE9-B77D-45D56324EA47}
	EndGlobalSection
EndGlobal
